{
  "nodes": {
    "agenix": {
      "inputs": {
        "nixpkgs": [
          "nixpkgs"
        ]
      },
      "locked": {
        "lastModified": 1634404028,
        "narHash": "sha256-JyP2Y6JCCYvUcVz7CXX5pXUfTGTU4GX51Yza82BgMfk=",
        "owner": "ryantm",
        "repo": "agenix",
        "rev": "53aa91b4170da35a96fab1577c9a34bc0da44e27",
        "type": "github"
      },
      "original": {
        "owner": "ryantm",
        "repo": "agenix",
        "type": "github"
      }
    },
    "flake-utils": {
      "locked": {
        "lastModified": 1637014545,
        "narHash": "sha256-26IZAc5yzlD9FlDT54io1oqG/bBoyka+FJk5guaX4x4=",
        "owner": "numtide",
        "repo": "flake-utils",
        "rev": "bba5dcc8e0b20ab664967ad83d24d64cb64ec4f4",
        "type": "github"
      },
      "original": {
        "owner": "numtide",
        "repo": "flake-utils",
        "type": "github"
      }
    },
    "home-manager": {
      "inputs": {
        "nixpkgs": [
          "nixpkgs"
        ]
      },
      "locked": {
        "lastModified": 1637088670,
        "narHash": "sha256-d49wUICXl1iItqvk0lbMwjpUbro86mBrV6876C+SLcA=",
        "owner": "nix-community",
        "repo": "home-manager",
        "rev": "5559ef002306dde0093f3d329725259cada9ed41",
        "type": "github"
      },
      "original": {
        "owner": "nix-community",
        "repo": "home-manager",
        "type": "github"
      }
    },
    "home-manager-release": {
      "inputs": {
        "nixpkgs": [
          "release"
        ]
      },
      "locked": {
        "lastModified": 1637019201,
        "narHash": "sha256-lq4gz51fx4m5FXfx1SCB444aEBeaYtLMVm3P18Wi9ls=",
        "owner": "nix-community",
        "repo": "home-manager",
        "rev": "bcf03fa16a1f06b8a0abb27bf49afa8d6fffe8f1",
        "type": "github"
      },
      "original": {
        "owner": "nix-community",
        "ref": "release-21.05",
        "repo": "home-manager",
        "type": "github"
      }
    },
    "nixpkgs": {
      "locked": {
        "narHash": "sha256-YxqcU656LegxRz2Wbzf8ILX5lvMr+4gEt9N4VavjAp0=",
        "path": "/etc/nixos/nixpkgs",
        "type": "path"
      },
      "original": {
        "path": "/etc/nixos/nixpkgs",
        "type": "path"
      }
    },
    "release": {
      "locked": {
        "lastModified": 1637092425,
        "narHash": "sha256-uPt0rf5riR3Pbhi2FMy9yP4P+tN3S7Z+4ii9vvYXBrU=",
        "owner": "NixOS",
        "repo": "nixpkgs",
        "rev": "63ea979ddbd8c62f1ef1f971e8e1e3224257f146",
        "type": "github"
      },
      "original": {
        "owner": "NixOS",
        "ref": "release-21.05",
        "repo": "nixpkgs",
        "type": "github"
      }
    },
    "root": {
      "inputs": {
        "agenix": "agenix",
        "flake-utils": "flake-utils",
        "home-manager": "home-manager",
        "home-manager-release": "home-manager-release",
        "nixpkgs": "nixpkgs",
        "release": "release"
      }
    }
  },
  "root": "root",
  "version": 7
}
