{
  "nodes": {
    "agenix": {
      "inputs": {
        "nixpkgs": [
          "nixpkgs"
        ]
      },
      "locked": {
        "lastModified": 1631325864,
        "narHash": "sha256-bBvrjUS0qfgC4LPFthGJ5E8Fl0f5UvlrCB3o5Bnn9ys=",
        "owner": "ryantm",
        "repo": "agenix",
        "rev": "5c5bc282565f03f9c5b3d6e72b7cb985706148a6",
        "type": "github"
      },
      "original": {
        "owner": "ryantm",
        "repo": "agenix",
        "type": "github"
      }
    },
    "flake-utils": {
      "locked": {
        "lastModified": 1631561581,
        "narHash": "sha256-3VQMV5zvxaVLvqqUrNz3iJelLw30mIVSfZmAaauM3dA=",
        "owner": "numtide",
        "repo": "flake-utils",
        "rev": "7e5bf3925f6fbdfaf50a2a7ca0be2879c4261d19",
        "type": "github"
      },
      "original": {
        "owner": "numtide",
        "repo": "flake-utils",
        "type": "github"
      }
    },
    "home-manager": {
      "inputs": {
        "nixpkgs": [
          "nixpkgs"
        ]
      },
      "locked": {
        "lastModified": 1631740142,
        "narHash": "sha256-FnwtaJ+fZw2QzsCqGJW4kJd9hXiPxPgfi+9dwratk28=",
        "owner": "nix-community",
        "repo": "home-manager",
        "rev": "371576cdc2580ba93a38e28da8ece2129f558815",
        "type": "github"
      },
      "original": {
        "owner": "nix-community",
        "repo": "home-manager",
        "type": "github"
      }
    },
    "home-manager-release": {
      "inputs": {
        "nixpkgs": [
          "release"
        ]
      },
      "locked": {
        "lastModified": 1631573611,
        "narHash": "sha256-u2E/wstadWNcn6vOIoK1xY86QPOzzBZQfT1FbePfdaI=",
        "owner": "nix-community",
        "repo": "home-manager",
        "rev": "7d9ba15214004c979d2c8733f8be12ce6502cf8a",
        "type": "github"
      },
      "original": {
        "owner": "nix-community",
        "ref": "release-21.05",
        "repo": "home-manager",
        "type": "github"
      }
    },
    "nixpkgs": {
      "locked": {
        "narHash": "sha256-I7SwJJE5Nm84WAjZB/8IfJt0uRJtoN2XQWKcXfK94oY=",
        "path": "/etc/nixos/nixpkgs",
        "type": "path"
      },
      "original": {
        "path": "/etc/nixos/nixpkgs",
        "type": "path"
      }
    },
    "release": {
      "locked": {
        "lastModified": 1631792076,
        "narHash": "sha256-dBRsZ3JB6i53nzC30SsltdwrzjIr8e0zU/y8HitKpT8=",
        "owner": "NixOS",
        "repo": "nixpkgs",
        "rev": "4d7170376374e74c7aa52938004e354de1947373",
        "type": "github"
      },
      "original": {
        "owner": "NixOS",
        "ref": "release-21.05",
        "repo": "nixpkgs",
        "type": "github"
      }
    },
    "root": {
      "inputs": {
        "agenix": "agenix",
        "flake-utils": "flake-utils",
        "home-manager": "home-manager",
        "home-manager-release": "home-manager-release",
        "nixpkgs": "nixpkgs",
        "release": "release"
      }
    }
  },
  "root": "root",
  "version": 7
}
